
Microsoft Visual Studio Solution File, Format Version 12.00
# Visual Studio Version 16
VisualStudioVersion = 25.0.1706.4
MinimumVisualStudioVersion = 10.0.40219.1
Project("{FAE04EC0-301F-11D3-BF4B-00C04F79EFBC}") = "GitTest", "GitTest\GitTest.csproj", "{076F98D7-CAA1-483E-B3C4-3A645B5CA13E}"
EndProject
Global
	GlobalSection(SolutionConfigurationPlatforms) = preSolution
		Debug|Any CPU = Debug|Any CPU
		Release|Any CPU = Release|Any CPU
	EndGlobalSection
	GlobalSection(ProjectConfigurationPlatforms) = postSolution
		{076F98D7-CAA1-483E-B3C4-3A645B5CA13E}.Debug|Any CPU.ActiveCfg = Debug|Any CPU
		{076F98D7-CAA1-483E-B3C4-3A645B5CA13E}.Debug|Any CPU.Build.0 = Debug|Any CPU
		{076F98D7-CAA1-483E-B3C4-3A645B5CA13E}.Release|Any CPU.ActiveCfg = Release|Any CPU
		{076F98D7-CAA1-483E-B3C4-3A645B5CA13E}.Release|Any CPU.Build.0 = Release|Any CPU
	EndGlobalSection
	GlobalSection(SolutionProperties) = preSolution
		HideSolutionNode = FALSE
	EndGlobalSection
	GlobalSection(ExtensibilityGlobals) = postSolution
		SolutionGuid = {1C0E636B-9772-4019-8708-6A71F53F4CF5}
	EndGlobalSection
EndGlobal
